
Microsoft Visual Studio Solution File, Format Version 12.00
# Visual Studio Version 17
VisualStudioVersion = 17.6.33815.320
MinimumVisualStudioVersion = 10.0.40219.1
Project("{FAE04EC0-301F-11D3-BF4B-00C04F79EFBC}") = "TaskManagementSystem", "TaskManagementSystem.csproj", "{110179E3-D9FF-4419-A414-B7833D0805BE}"
EndProject
Global
	GlobalSection(SolutionConfigurationPlatforms) = preSolution
		Debug|Any CPU = Debug|Any CPU
		Release|Any CPU = Release|Any CPU
	EndGlobalSection
	GlobalSection(ProjectConfigurationPlatforms) = postSolution
		{110179E3-D9FF-4419-A414-B7833D0805BE}.Debug|Any CPU.ActiveCfg = Debug|Any CPU
		{110179E3-D9FF-4419-A414-B7833D0805BE}.Debug|Any CPU.Build.0 = Debug|Any CPU
		{110179E3-D9FF-4419-A414-B7833D0805BE}.Release|Any CPU.ActiveCfg = Release|Any CPU
		{110179E3-D9FF-4419-A414-B7833D0805BE}.Release|Any CPU.Build.0 = Release|Any CPU
	EndGlobalSection
	GlobalSection(SolutionProperties) = preSolution
		HideSolutionNode = FALSE
	EndGlobalSection
	GlobalSection(ExtensibilityGlobals) = postSolution
		SolutionGuid = {0099F94F-819E-4281-9DF6-137D6A394058}
	EndGlobalSection
EndGlobal
